
Microsoft Visual Studio Solution File, Format Version 12.00
# Visual Studio Version 17
VisualStudioVersion = 17.5.33530.505
MinimumVisualStudioVersion = 10.0.40219.1
Project("{FAE04EC0-301F-11D3-BF4B-00C04F79EFBC}") = "Profile", "Profile.csproj", "{9362FAC3-3883-4694-88D2-0A2BDDA83185}"
EndProject
Project("{FAE04EC0-301F-11D3-BF4B-00C04F79EFBC}") = "Tests", "..\Tests\Tests.csproj", "{D71196BE-8735-4D1E-B23E-7C79A66DDD9A}"
EndProject
Global
	GlobalSection(SolutionConfigurationPlatforms) = preSolution
		Debug|Any CPU = Debug|Any CPU
		Release|Any CPU = Release|Any CPU
	EndGlobalSection
	GlobalSection(ProjectConfigurationPlatforms) = postSolution
		{9362FAC3-3883-4694-88D2-0A2BDDA83185}.Debug|Any CPU.ActiveCfg = Debug|Any CPU
		{9362FAC3-3883-4694-88D2-0A2BDDA83185}.Debug|Any CPU.Build.0 = Debug|Any CPU
		{9362FAC3-3883-4694-88D2-0A2BDDA83185}.Release|Any CPU.ActiveCfg = Release|Any CPU
		{9362FAC3-3883-4694-88D2-0A2BDDA83185}.Release|Any CPU.Build.0 = Release|Any CPU
		{D71196BE-8735-4D1E-B23E-7C79A66DDD9A}.Debug|Any CPU.ActiveCfg = Debug|Any CPU
		{D71196BE-8735-4D1E-B23E-7C79A66DDD9A}.Debug|Any CPU.Build.0 = Debug|Any CPU
		{D71196BE-8735-4D1E-B23E-7C79A66DDD9A}.Release|Any CPU.ActiveCfg = Release|Any CPU
		{D71196BE-8735-4D1E-B23E-7C79A66DDD9A}.Release|Any CPU.Build.0 = Release|Any CPU
	EndGlobalSection
	GlobalSection(SolutionProperties) = preSolution
		HideSolutionNode = FALSE
	EndGlobalSection
	GlobalSection(ExtensibilityGlobals) = postSolution
		SolutionGuid = {856A2B91-3A75-4517-946B-0BDDD5D43A82}
	EndGlobalSection
EndGlobal
